
Microsoft Visual Studio Solution File, Format Version 11.00
# Visual Studio 2010
Project("{FAE04EC0-301F-11D3-BF4B-00C04F79EFBC}") = "Assembly-CSharp", "Assembly-CSharp.csproj", "{e189dac3-c670-6c7d-993e-c8f831d35880}"
EndProject
Project("{FAE04EC0-301F-11D3-BF4B-00C04F79EFBC}") = "spine-unity-examples", "spine-unity-examples.csproj", "{11860507-accb-95ae-962e-d69faff40fad}"
EndProject
Project("{FAE04EC0-301F-11D3-BF4B-00C04F79EFBC}") = "spine-unity", "spine-unity.csproj", "{25dae300-ed4f-e342-e982-b9e6649d8c7d}"
EndProject
Project("{FAE04EC0-301F-11D3-BF4B-00C04F79EFBC}") = "spine-csharp", "spine-csharp.csproj", "{0b9a82f5-1eab-a8c3-8bd3-47d3e4c7c847}"
EndProject
Project("{FAE04EC0-301F-11D3-BF4B-00C04F79EFBC}") = "spine-unity-editor", "spine-unity-editor.csproj", "{62171148-baec-22c1-18b1-db6419522f6b}"
EndProject
Project("{FAE04EC0-301F-11D3-BF4B-00C04F79EFBC}") = "spine-unity-examples-editor", "spine-unity-examples-editor.csproj", "{4ff9551e-5531-75af-ccf0-30b0c083aa5c}"
EndProject
Global
	GlobalSection(SolutionConfigurationPlatforms) = preSolution
		Debug|Any CPU = Debug|Any CPU
	EndGlobalSection
	GlobalSection(ProjectConfigurationPlatforms) = postSolution
		{e189dac3-c670-6c7d-993e-c8f831d35880}.Debug|Any CPU.ActiveCfg = Debug|Any CPU
		{e189dac3-c670-6c7d-993e-c8f831d35880}.Debug|Any CPU.Build.0 = Debug|Any CPU
		{11860507-accb-95ae-962e-d69faff40fad}.Debug|Any CPU.ActiveCfg = Debug|Any CPU
		{11860507-accb-95ae-962e-d69faff40fad}.Debug|Any CPU.Build.0 = Debug|Any CPU
		{25dae300-ed4f-e342-e982-b9e6649d8c7d}.Debug|Any CPU.ActiveCfg = Debug|Any CPU
		{25dae300-ed4f-e342-e982-b9e6649d8c7d}.Debug|Any CPU.Build.0 = Debug|Any CPU
		{0b9a82f5-1eab-a8c3-8bd3-47d3e4c7c847}.Debug|Any CPU.ActiveCfg = Debug|Any CPU
		{0b9a82f5-1eab-a8c3-8bd3-47d3e4c7c847}.Debug|Any CPU.Build.0 = Debug|Any CPU
		{62171148-baec-22c1-18b1-db6419522f6b}.Debug|Any CPU.ActiveCfg = Debug|Any CPU
		{62171148-baec-22c1-18b1-db6419522f6b}.Debug|Any CPU.Build.0 = Debug|Any CPU
		{4ff9551e-5531-75af-ccf0-30b0c083aa5c}.Debug|Any CPU.ActiveCfg = Debug|Any CPU
		{4ff9551e-5531-75af-ccf0-30b0c083aa5c}.Debug|Any CPU.Build.0 = Debug|Any CPU
	EndGlobalSection
	GlobalSection(SolutionProperties) = preSolution
		HideSolutionNode = FALSE
	EndGlobalSection
EndGlobal
